
Microsoft Visual Studio Solution File, Format Version 12.00
# Visual Studio 15
VisualStudioVersion = 15.0.28307.438
MinimumVisualStudioVersion = 10.0.40219.1
Project("{FAE04EC0-301F-11D3-BF4B-00C04F79EFBC}") = "SuperAdventure", "SuperAdventure\SuperAdventure.csproj", "{4F188B64-A2F6-4E51-8EAD-BBC517EC4EBD}"
EndProject
Project("{FAE04EC0-301F-11D3-BF4B-00C04F79EFBC}") = "Engine", "Engine\Engine.csproj", "{9E58D5C7-9AF8-44DF-BB7B-E8C857795D1F}"
EndProject
Project("{FAE04EC0-301F-11D3-BF4B-00C04F79EFBC}") = "SuperAdventureConsole", "SuperAdventureConsole\SuperAdventureConsole.csproj", "{2A75E8EB-149C-45B9-AA1E-9EF77574E9B9}"
EndProject
Global
	GlobalSection(SolutionConfigurationPlatforms) = preSolution
		Debug|Any CPU = Debug|Any CPU
		Release|Any CPU = Release|Any CPU
	EndGlobalSection
	GlobalSection(ProjectConfigurationPlatforms) = postSolution
		{4F188B64-A2F6-4E51-8EAD-BBC517EC4EBD}.Debug|Any CPU.ActiveCfg = Debug|Any CPU
		{4F188B64-A2F6-4E51-8EAD-BBC517EC4EBD}.Debug|Any CPU.Build.0 = Debug|Any CPU
		{4F188B64-A2F6-4E51-8EAD-BBC517EC4EBD}.Release|Any CPU.ActiveCfg = Release|Any CPU
		{4F188B64-A2F6-4E51-8EAD-BBC517EC4EBD}.Release|Any CPU.Build.0 = Release|Any CPU
		{9E58D5C7-9AF8-44DF-BB7B-E8C857795D1F}.Debug|Any CPU.ActiveCfg = Debug|Any CPU
		{9E58D5C7-9AF8-44DF-BB7B-E8C857795D1F}.Debug|Any CPU.Build.0 = Debug|Any CPU
		{9E58D5C7-9AF8-44DF-BB7B-E8C857795D1F}.Release|Any CPU.ActiveCfg = Release|Any CPU
		{9E58D5C7-9AF8-44DF-BB7B-E8C857795D1F}.Release|Any CPU.Build.0 = Release|Any CPU
		{2A75E8EB-149C-45B9-AA1E-9EF77574E9B9}.Debug|Any CPU.ActiveCfg = Debug|Any CPU
		{2A75E8EB-149C-45B9-AA1E-9EF77574E9B9}.Debug|Any CPU.Build.0 = Debug|Any CPU
		{2A75E8EB-149C-45B9-AA1E-9EF77574E9B9}.Release|Any CPU.ActiveCfg = Release|Any CPU
		{2A75E8EB-149C-45B9-AA1E-9EF77574E9B9}.Release|Any CPU.Build.0 = Release|Any CPU
	EndGlobalSection
	GlobalSection(SolutionProperties) = preSolution
		HideSolutionNode = FALSE
	EndGlobalSection
	GlobalSection(ExtensibilityGlobals) = postSolution
		SolutionGuid = {ADDE0CAA-9162-480D-AA9F-2AE606FD1E20}
	EndGlobalSection
EndGlobal
